
Microsoft Visual Studio Solution File, Format Version 12.00
# Visual Studio Version 17
VisualStudioVersion = 17.4.33213.308
MinimumVisualStudioVersion = 10.0.40219.1
Project("{FAE04EC0-301F-11D3-BF4B-00C04F79EFBC}") = "GraphQLDemo", "GraphQLDemo\GraphQLDemo.csproj", "{E52A03A9-1638-444E-872C-3208B2808C31}"
EndProject
Project("{FAE04EC0-301F-11D3-BF4B-00C04F79EFBC}") = "GraphQLDemo.DAL", "GraphQLDemo.DAL\GraphQLDemo.DAL.csproj", "{E6CB9CC1-3345-4DA2-8554-A64DDAED5400}"
EndProject
Project("{FAE04EC0-301F-11D3-BF4B-00C04F79EFBC}") = "GraphQLDemo.Domain", "GraphQLDemo.Domain\GraphQLDemo.Domain.csproj", "{62A1D0D2-B0B7-40D4-B282-61D018B667CC}"
EndProject
Global
	GlobalSection(SolutionConfigurationPlatforms) = preSolution
		Debug|Any CPU = Debug|Any CPU
		Release|Any CPU = Release|Any CPU
	EndGlobalSection
	GlobalSection(ProjectConfigurationPlatforms) = postSolution
		{E52A03A9-1638-444E-872C-3208B2808C31}.Debug|Any CPU.ActiveCfg = Debug|Any CPU
		{E52A03A9-1638-444E-872C-3208B2808C31}.Debug|Any CPU.Build.0 = Debug|Any CPU
		{E52A03A9-1638-444E-872C-3208B2808C31}.Release|Any CPU.ActiveCfg = Release|Any CPU
		{E52A03A9-1638-444E-872C-3208B2808C31}.Release|Any CPU.Build.0 = Release|Any CPU
		{E6CB9CC1-3345-4DA2-8554-A64DDAED5400}.Debug|Any CPU.ActiveCfg = Debug|Any CPU
		{E6CB9CC1-3345-4DA2-8554-A64DDAED5400}.Debug|Any CPU.Build.0 = Debug|Any CPU
		{E6CB9CC1-3345-4DA2-8554-A64DDAED5400}.Release|Any CPU.ActiveCfg = Release|Any CPU
		{E6CB9CC1-3345-4DA2-8554-A64DDAED5400}.Release|Any CPU.Build.0 = Release|Any CPU
		{62A1D0D2-B0B7-40D4-B282-61D018B667CC}.Debug|Any CPU.ActiveCfg = Debug|Any CPU
		{62A1D0D2-B0B7-40D4-B282-61D018B667CC}.Debug|Any CPU.Build.0 = Debug|Any CPU
		{62A1D0D2-B0B7-40D4-B282-61D018B667CC}.Release|Any CPU.ActiveCfg = Release|Any CPU
		{62A1D0D2-B0B7-40D4-B282-61D018B667CC}.Release|Any CPU.Build.0 = Release|Any CPU
	EndGlobalSection
	GlobalSection(SolutionProperties) = preSolution
		HideSolutionNode = FALSE
	EndGlobalSection
	GlobalSection(ExtensibilityGlobals) = postSolution
		SolutionGuid = {842F9887-30C9-47C7-A6C7-572C02C13EC0}
	EndGlobalSection
EndGlobal
